
Microsoft Visual Studio Solution File, Format Version 12.00
# Visual Studio Version 17
VisualStudioVersion = 17.5.002.0
MinimumVisualStudioVersion = 10.0.40219.1
Project("{2150E333-8FDC-42A3-9474-1A3956D46DE8}") = "src", "src", "{98ACFD7A-019E-494B-B939-2C39695598A7}"
EndProject
Project("{9A19103F-16F7-4668-BE54-9A1E7A4F7556}") = "Site", "src\Site\Site.csproj", "{C0D12B47-9CE2-489B-8B75-9F1E1F24881F}"
EndProject
Project("{9A19103F-16F7-4668-BE54-9A1E7A4F7556}") = "SudokuConsole", "src\SudokuConsole\SudokuConsole.csproj", "{15448E9F-8E33-4863-B1FE-DE70D331F665}"
EndProject
Project("{9A19103F-16F7-4668-BE54-9A1E7A4F7556}") = "SudokuSolver", "src\SudokuSolver\SudokuSolver.csproj", "{35F57520-A216-441E-B4AD-6F66FF261A40}"
EndProject
Project("{9A19103F-16F7-4668-BE54-9A1E7A4F7556}") = "SudokuSolver.Tests", "src\SudokuSolver.Tests\SudokuSolver.Tests.csproj", "{6E7E89E6-8F69-40A7-887B-12611FD71E49}"
EndProject
Global
	GlobalSection(SolutionConfigurationPlatforms) = preSolution
		Debug|Any CPU = Debug|Any CPU
		Release|Any CPU = Release|Any CPU
	EndGlobalSection
	GlobalSection(ProjectConfigurationPlatforms) = postSolution
		{C0D12B47-9CE2-489B-8B75-9F1E1F24881F}.Debug|Any CPU.ActiveCfg = Debug|Any CPU
		{C0D12B47-9CE2-489B-8B75-9F1E1F24881F}.Debug|Any CPU.Build.0 = Debug|Any CPU
		{C0D12B47-9CE2-489B-8B75-9F1E1F24881F}.Release|Any CPU.ActiveCfg = Release|Any CPU
		{C0D12B47-9CE2-489B-8B75-9F1E1F24881F}.Release|Any CPU.Build.0 = Release|Any CPU
		{15448E9F-8E33-4863-B1FE-DE70D331F665}.Debug|Any CPU.ActiveCfg = Debug|Any CPU
		{15448E9F-8E33-4863-B1FE-DE70D331F665}.Debug|Any CPU.Build.0 = Debug|Any CPU
		{15448E9F-8E33-4863-B1FE-DE70D331F665}.Release|Any CPU.ActiveCfg = Release|Any CPU
		{15448E9F-8E33-4863-B1FE-DE70D331F665}.Release|Any CPU.Build.0 = Release|Any CPU
		{35F57520-A216-441E-B4AD-6F66FF261A40}.Debug|Any CPU.ActiveCfg = Debug|Any CPU
		{35F57520-A216-441E-B4AD-6F66FF261A40}.Debug|Any CPU.Build.0 = Debug|Any CPU
		{35F57520-A216-441E-B4AD-6F66FF261A40}.Release|Any CPU.ActiveCfg = Release|Any CPU
		{35F57520-A216-441E-B4AD-6F66FF261A40}.Release|Any CPU.Build.0 = Release|Any CPU
		{6E7E89E6-8F69-40A7-887B-12611FD71E49}.Debug|Any CPU.ActiveCfg = Debug|Any CPU
		{6E7E89E6-8F69-40A7-887B-12611FD71E49}.Debug|Any CPU.Build.0 = Debug|Any CPU
		{6E7E89E6-8F69-40A7-887B-12611FD71E49}.Release|Any CPU.ActiveCfg = Release|Any CPU
		{6E7E89E6-8F69-40A7-887B-12611FD71E49}.Release|Any CPU.Build.0 = Release|Any CPU
	EndGlobalSection
	GlobalSection(SolutionProperties) = preSolution
		HideSolutionNode = FALSE
	EndGlobalSection
	GlobalSection(NestedProjects) = preSolution
		{C0D12B47-9CE2-489B-8B75-9F1E1F24881F} = {98ACFD7A-019E-494B-B939-2C39695598A7}
		{15448E9F-8E33-4863-B1FE-DE70D331F665} = {98ACFD7A-019E-494B-B939-2C39695598A7}
		{35F57520-A216-441E-B4AD-6F66FF261A40} = {98ACFD7A-019E-494B-B939-2C39695598A7}
		{6E7E89E6-8F69-40A7-887B-12611FD71E49} = {98ACFD7A-019E-494B-B939-2C39695598A7}
	EndGlobalSection
	GlobalSection(ExtensibilityGlobals) = postSolution
		SolutionGuid = {37156335-68EF-4E83-B001-0474851647CE}
	EndGlobalSection
EndGlobal
